<?xml version="1.0" encoding="utf-8"?>
<Project ToolsVersion="4.0" xmlns="http://schemas.microsoft.com/developer/msbuild/2003">
  <ItemGroup>
    <Filter Include="Source Files">
      <UniqueIdentifier>{4FC737F1-C7A5-4376-A066-2A32D752A2FF}</UniqueIdentifier>
      <Extensions>cpp;c;cc;cxx;def;odl;idl;hpj;bat;asm;asmx</Extensions>
    </Filter>
    <Filter Include="Header Files">
      <UniqueIdentifier>{93995380-89BD-4b04-88EB-625FBE52EBFB}</UniqueIdentifier>
      <Extensions>h;hh;hpp;hxx;hm;inl;inc;ipp;xsd</Extensions>
    </Filter>
    <Filter Include="Resource Files">
      <UniqueIdentifier>{67DA6AB6-F800-4c08-8B7A-83BB121AAD01}</UniqueIdentifier>
      <Extensions>rc;ico;cur;bmp;dlg;rc2;rct;bin;rgs;gif;jpg;jpeg;jpe;resx;tiff;tif;png;wav;mfcribbon-ms</Extensions>
    </Filter>
  </ItemGroup>
  <ItemGroup>
    <ClCompile Include="Library\pugixml.cpp">
      <Filter>Source Files</Filter>
    </ClCompile>
    <ClCompile Include="Direct2DGame\Content\AnimationReader.cpp">
      <Filter>Source Files</Filter>
    </ClCompile>
    <ClCompile Include="Direct2DGame\Content\ContentManager.cpp">
      <Filter>Source Files</Filter>
    </ClCompile>
    <ClCompile Include="Direct2DGame\Content\ContentReader.cpp">
      <Filter>Source Files</Filter>
    </ClCompile>
    <ClCompile Include="Direct2DGame\Content\TextureReader.cpp">
      <Filter>Source Files</Filter>
    </ClCompile>
    <ClCompile Include="Direct2DGame\Animation\Animation.cpp">
      <Filter>Source Files</Filter>
    </ClCompile>
    <ClCompile Include="Direct2DGame\Animation\AnimationFrame.cpp">
      <Filter>Source Files</Filter>
    </ClCompile>
    <ClCompile Include="Direct2DGame\Animation\Sprite.cpp">
      <Filter>Source Files</Filter>
    </ClCompile>
    <ClCompile Include="Direct2DGame\Input\Controller.cpp">
      <Filter>Source Files</Filter>
    </ClCompile>
    <ClCompile Include="Direct2DGame\Input\InputManager.cpp">
      <Filter>Source Files</Filter>
    </ClCompile>
    <ClCompile Include="Castlevania\Models\GameObject.cpp">
      <Filter>Source Files</Filter>
    </ClCompile>
    <ClCompile Include="Castlevania\Models\Mario.cpp">
      <Filter>Source Files</Filter>
    </ClCompile>
    <ClCompile Include="Castlevania\DemoGame.cpp">
      <Filter>Source Files</Filter>
    </ClCompile>
    <ClCompile Include="Castlevania\EntryPoint.cpp">
      <Filter>Source Files</Filter>
    </ClCompile>
    <ClCompile Include="Castlevania\Main.cpp">
      <Filter>Source Files</Filter>
    </ClCompile>
    <ClCompile Include="Direct2DGame\Game.cpp">
      <Filter>Source Files</Filter>
    </ClCompile>
    <ClCompile Include="Direct2DGame\GameWindow.cpp">
      <Filter>Source Files</Filter>
    </ClCompile>
    <ClCompile Include="Direct2DGame\GraphicsDevice.cpp">
      <Filter>Source Files</Filter>
    </ClCompile>
    <ClCompile Include="Direct2DGame\GraphicsDeviceManager.cpp">
      <Filter>Source Files</Filter>
    </ClCompile>
    <ClCompile Include="Direct2DGame\Utilities\FileLogger.cpp">
      <Filter>Source Files</Filter>
    </ClCompile>
    <ClCompile Include="Direct2DGame\Utilities\TimeHelper.cpp">
      <Filter>Source Files</Filter>
    </ClCompile>
    <ClCompile Include="Direct2DGame\Utilities\WinHelper.cpp">
      <Filter>Source Files</Filter>
    </ClCompile>
  </ItemGroup>
  <ItemGroup>
    <ClInclude Include="Library\pugixml.hpp">
      <Filter>Header Files</Filter>
    </ClInclude>
    <ClInclude Include="Library\pugiconfig.hpp">
      <Filter>Header Files</Filter>
    </ClInclude>
    <ClInclude Include="Direct2DGame\Content\AbstractReader.h">
      <Filter>Header Files</Filter>
    </ClInclude>
    <ClInclude Include="Direct2DGame\Content\AnimationReader.h">
      <Filter>Header Files</Filter>
    </ClInclude>
    <ClInclude Include="Direct2DGame\Content\Content.h">
      <Filter>Header Files</Filter>
    </ClInclude>
    <ClInclude Include="Direct2DGame\Content\ContentManager.h">
      <Filter>Header Files</Filter>
    </ClInclude>
    <ClInclude Include="Direct2DGame\Content\ContentReader.h">
      <Filter>Header Files</Filter>
    </ClInclude>
    <ClInclude Include="Direct2DGame\Content\LoadContentException.h">
      <Filter>Header Files</Filter>
    </ClInclude>
    <ClInclude Include="Direct2DGame\Content\TextureReader.h">
      <Filter>Header Files</Filter>
    </ClInclude>
    <ClInclude Include="Direct2DGame\Base\BoundingBox.h">
      <Filter>Header Files</Filter>
    </ClInclude>
    <ClInclude Include="Direct2DGame\Base\Vector.h">
      <Filter>Header Files</Filter>
    </ClInclude>
    <ClInclude Include="Direct2DGame\Animation\Animation.h">
      <Filter>Header Files</Filter>
    </ClInclude>
    <ClInclude Include="Direct2DGame\Animation\AnimationFrame.h">
      <Filter>Header Files</Filter>
    </ClInclude>
    <ClInclude Include="Direct2DGame\Animation\Sprite.h">
      <Filter>Header Files</Filter>
    </ClInclude>
    <ClInclude Include="Direct2DGame\Input\Controller.h">
      <Filter>Header Files</Filter>
    </ClInclude>
    <ClInclude Include="Direct2DGame\Input\InputManager.h">
      <Filter>Header Files</Filter>
    </ClInclude>
    <ClInclude Include="Direct2DGame\Input\KeyEventArgs.h">
      <Filter>Header Files</Filter>
    </ClInclude>
    <ClInclude Include="Castlevania\Models\GameObject.h">
      <Filter>Header Files</Filter>
    </ClInclude>
    <ClInclude Include="Castlevania\Models\Mario.h">
      <Filter>Header Files</Filter>
    </ClInclude>
    <ClInclude Include="Castlevania\Models\States.h">
      <Filter>Header Files</Filter>
    </ClInclude>
    <ClInclude Include="Castlevania\DemoGame.h">
      <Filter>Header Files</Filter>
    </ClInclude>
    <ClInclude Include="Castlevania\EntryPoint.h">
      <Filter>Header Files</Filter>
    </ClInclude>
    <ClInclude Include="Direct2DGame\Game.h">
      <Filter>Header Files</Filter>
    </ClInclude>
    <ClInclude Include="Direct2DGame\GameWindow.h">
      <Filter>Header Files</Filter>
    </ClInclude>
    <ClInclude Include="Direct2DGame\GraphicsDevice.h">
      <Filter>Header Files</Filter>
    </ClInclude>
    <ClInclude Include="Direct2DGame\GraphicsDeviceManager.h">
      <Filter>Header Files</Filter>
    </ClInclude>
    <ClInclude Include="Direct2DGame\ServiceProvider.h">
      <Filter>Header Files</Filter>
    </ClInclude>
    <ClInclude Include="Direct2DGame\Utilities\Event.h">
      <Filter>Header Files</Filter>
    </ClInclude>
    <ClInclude Include="Direct2DGame\Utilities\FileLogger.h">
      <Filter>Header Files</Filter>
    </ClInclude>
    <ClInclude Include="Direct2DGame\Utilities\TimeHelper.h">
      <Filter>Header Files</Filter>
    </ClInclude>
    <ClInclude Include="Direct2DGame\Utilities\WinHelper.h">
      <Filter>Header Files</Filter>
    </ClInclude>
    <ClInclude Include="Castlevania\Models\MarioSettings.h">
      <Filter>Header Files</Filter>
    </ClInclude>
  </ItemGroup>
  <ItemGroup>
    <None Include="cpp.hint" />
  </ItemGroup>
</Project>