<?xml version="1.0" encoding="utf-8"?>
<Project ToolsVersion="4.0" xmlns="http://schemas.microsoft.com/developer/msbuild/2003">
  <ItemGroup>
    <Filter Include="Source Files">
      <UniqueIdentifier>{4FC737F1-C7A5-4376-A066-2A32D752A2FF}</UniqueIdentifier>
      <Extensions>cpp;c;cc;cxx;def;odl;idl;hpj;bat;asm;asmx</Extensions>
    </Filter>
    <Filter Include="Header Files">
      <UniqueIdentifier>{93995380-89BD-4b04-88EB-625FBE52EBFB}</UniqueIdentifier>
      <Extensions>h;hh;hpp;hxx;hm;inl;inc;ipp;xsd</Extensions>
    </Filter>
    <Filter Include="Resource Files">
      <UniqueIdentifier>{67DA6AB6-F800-4c08-8B7A-83BB121AAD01}</UniqueIdentifier>
      <Extensions>rc;ico;cur;bmp;dlg;rc2;rct;bin;rgs;gif;jpg;jpeg;jpe;resx;tiff;tif;png;wav;mfcribbon-ms</Extensions>
    </Filter>
  </ItemGroup>
  <ItemGroup>
    <ClCompile Include="Direct2DGame\Content\ContentManager.cpp">
      <Filter>Source Files</Filter>
    </ClCompile>
    <ClCompile Include="Direct2DGame\Content\ContentReader.cpp">
      <Filter>Source Files</Filter>
    </ClCompile>
    <ClCompile Include="Direct2DGame\Content\TextureReader.cpp">
      <Filter>Source Files</Filter>
    </ClCompile>
    <ClCompile Include="Direct2DGame\Game.cpp">
      <Filter>Source Files</Filter>
    </ClCompile>
    <ClCompile Include="Direct2DGame\GameWindow.cpp">
      <Filter>Source Files</Filter>
    </ClCompile>
    <ClCompile Include="Direct2DGame\GraphicsDeviceManager.cpp">
      <Filter>Source Files</Filter>
    </ClCompile>
    <ClCompile Include="Direct2DGame\Utilities\FileLogger.cpp">
      <Filter>Source Files</Filter>
    </ClCompile>
    <ClCompile Include="Direct2DGame\Utilities\WinHelper.cpp">
      <Filter>Source Files</Filter>
    </ClCompile>
    <ClCompile Include="Library\pugixml\pugixml.cpp">
      <Filter>Source Files</Filter>
    </ClCompile>
    <ClCompile Include="Direct2DGame\Content\SoundReader.cpp">
      <Filter>Source Files</Filter>
    </ClCompile>
    <ClCompile Include="Library\directx\DSUtil.cpp">
      <Filter>Source Files</Filter>
    </ClCompile>
    <ClCompile Include="Library\directx\DXUtil.cpp">
      <Filter>Source Files</Filter>
    </ClCompile>
    <ClCompile Include="Direct2DGame\Content\SpriteFontReader.cpp">
      <Filter>Source Files</Filter>
    </ClCompile>
    <ClCompile Include="Direct2DGame\Graphics\SpriteFont.cpp">
      <Filter>Source Files</Filter>
    </ClCompile>
    <ClCompile Include="Direct2DGame\Graphics\Texture.cpp">
      <Filter>Source Files</Filter>
    </ClCompile>
    <ClCompile Include="Direct2DGame\Utilities\FontHelper.cpp">
      <Filter>Source Files</Filter>
    </ClCompile>
    <ClCompile Include="MarioSample\MarioSampleGame.cpp">
      <Filter>Source Files</Filter>
    </ClCompile>
    <ClCompile Include="Main.cpp">
      <Filter>Source Files</Filter>
    </ClCompile>
    <ClCompile Include="MarioSample\Models\GameObject.cpp">
      <Filter>Source Files</Filter>
    </ClCompile>
    <ClCompile Include="MarioSample\Models\Mario.cpp">
      <Filter>Source Files</Filter>
    </ClCompile>
    <ClCompile Include="MarioSample\Utilities\AudioManager.cpp">
      <Filter>Source Files</Filter>
    </ClCompile>
    <ClCompile Include="Direct2DGame\Graphics\SpriteBatch.cpp">
      <Filter>Source Files</Filter>
    </ClCompile>
    <ClCompile Include="Direct2DGame\Graphics\GraphicsDevice.cpp">
      <Filter>Source Files</Filter>
    </ClCompile>
    <ClCompile Include="Direct2DGame\Utilities\TimeSpan.cpp">
      <Filter>Source Files</Filter>
    </ClCompile>
    <ClCompile Include="Direct2DGame\Input\Keyboard.cpp">
      <Filter>Source Files</Filter>
    </ClCompile>
    <ClCompile Include="Direct2DGame\Input\InputHelper.cpp">
      <Filter>Source Files</Filter>
    </ClCompile>
    <ClCompile Include="Direct2DGame\Utilities\Stopwatch.cpp">
      <Filter>Source Files</Filter>
    </ClCompile>
    <ClCompile Include="Direct2DGame\MathHelper.cpp">
      <Filter>Source Files</Filter>
    </ClCompile>
    <ClCompile Include="Castlevania\Scenes\AbstractScene.cpp">
      <Filter>Source Files</Filter>
    </ClCompile>
    <ClCompile Include="Castlevania\Scenes\GameplayScene.cpp">
      <Filter>Source Files</Filter>
    </ClCompile>
    <ClCompile Include="Castlevania\Scenes\IntroScene.cpp">
      <Filter>Source Files</Filter>
    </ClCompile>
    <ClCompile Include="Castlevania\Scenes\MenuScene.cpp">
      <Filter>Source Files</Filter>
    </ClCompile>
    <ClCompile Include="Castlevania\Scenes\SceneManager.cpp">
      <Filter>Source Files</Filter>
    </ClCompile>
    <ClCompile Include="Castlevania\Utilities\AudioManager.cpp">
      <Filter>Source Files</Filter>
    </ClCompile>
    <ClCompile Include="Castlevania\CastlevaniaGame.cpp">
      <Filter>Source Files</Filter>
    </ClCompile>
    <ClCompile Include="Direct2DGame\Content\AnimationFactoryReader.cpp">
      <Filter>Source Files</Filter>
    </ClCompile>
    <ClCompile Include="Direct2DGame\Extensions\Animations\Animation.cpp">
      <Filter>Source Files</Filter>
    </ClCompile>
    <ClCompile Include="Direct2DGame\Extensions\Animations\AnimationFactory.cpp">
      <Filter>Source Files</Filter>
    </ClCompile>
    <ClCompile Include="Direct2DGame\Extensions\Animations\AnimationFrame.cpp">
      <Filter>Source Files</Filter>
    </ClCompile>
    <ClCompile Include="Direct2DGame\Extensions\TextureRegion.cpp">
      <Filter>Source Files</Filter>
    </ClCompile>
    <ClCompile Include="Direct2DGame\Extensions\Sprites\Sprite.cpp">
      <Filter>Source Files</Filter>
    </ClCompile>
    <ClCompile Include="Direct2DGame\Extensions\Animations\AnimatedSprite.cpp">
      <Filter>Source Files</Filter>
    </ClCompile>
    <ClCompile Include="Direct2DGame\Extensions\Sprites\SpriteExtensions.cpp">
      <Filter>Source Files</Filter>
    </ClCompile>
    <ClCompile Include="Direct2DGame\Content\TiledMapReader.cpp">
      <Filter>Source Files</Filter>
    </ClCompile>
    <ClCompile Include="Direct2DGame\Extensions\Tiled\TiledMap.cpp">
      <Filter>Source Files</Filter>
    </ClCompile>
    <ClCompile Include="Direct2DGame\Extensions\Tiled\TileSet.cpp">
      <Filter>Source Files</Filter>
    </ClCompile>
    <ClCompile Include="Direct2DGame\Extensions\Camera.cpp">
      <Filter>Source Files</Filter>
    </ClCompile>
    <ClCompile Include="Direct2DGame\Base\Rect.cpp">
      <Filter>Source Files</Filter>
    </ClCompile>
    <ClCompile Include="Direct2DGame\Base\Color.cpp">
      <Filter>Source Files</Filter>
    </ClCompile>
    <ClCompile Include="Castlevania\Settings\Button.cpp">
      <Filter>Source Files</Filter>
    </ClCompile>
    <ClCompile Include="MarioSample\Models\MarioController.cpp">
      <Filter>Source Files</Filter>
    </ClCompile>
    <ClCompile Include="Castlevania\Models\Weapons\Whip.cpp">
      <Filter>Source Files</Filter>
    </ClCompile>
    <ClCompile Include="Direct2DGame\Content\DictionaryReader.cpp">
      <Filter>Source Files</Filter>
    </ClCompile>
    <ClCompile Include="Castlevania\Models\Characters\Player\Controller.cpp">
      <Filter>Source Files</Filter>
    </ClCompile>
    <ClCompile Include="Direct2DGame\Extensions\RectF.cpp">
      <Filter>Source Files</Filter>
    </ClCompile>
    <ClCompile Include="Direct2DGame\Extensions\Collisions\Body\Body.cpp">
      <Filter>Source Files</Filter>
    </ClCompile>
    <ClCompile Include="Castlevania\Models\Characters\Player\PlayerMovementSystem.cpp">
      <Filter>Source Files</Filter>
    </ClCompile>
    <ClCompile Include="Castlevania\Models\Characters\Player\PlayerResponseSystem.cpp">
      <Filter>Source Files</Filter>
    </ClCompile>
    <ClCompile Include="Castlevania\Models\Systems\Collision\CollisionSystem.cpp">
      <Filter>Source Files</Filter>
    </ClCompile>
    <ClCompile Include="Castlevania\Models\Systems\Rendering\AnimationRenderingSystem.cpp">
      <Filter>Source Files</Filter>
    </ClCompile>
    <ClCompile Include="Castlevania\Models\Systems\Rendering\SpriteRenderingSystem.cpp">
      <Filter>Source Files</Filter>
    </ClCompile>
    <ClCompile Include="Castlevania\Utilities\Timer.cpp">
      <Filter>Source Files</Filter>
    </ClCompile>
    <ClCompile Include="Castlevania\Models\Weapons\WhipRenderingSystem.cpp">
      <Filter>Source Files</Filter>
    </ClCompile>
    <ClCompile Include="Castlevania\Models\Weapons\WhipFlashingRenderingSystem.cpp">
      <Filter>Source Files</Filter>
    </ClCompile>
    <ClCompile Include="Castlevania\Models\Systems\Collision\StandardCollisionSystem.cpp">
      <Filter>Source Files</Filter>
    </ClCompile>
    <ClCompile Include="Castlevania\Models\Characters\Player\PlayerRenderingSystem.cpp">
      <Filter>Source Files</Filter>
    </ClCompile>
    <ClCompile Include="Castlevania\Models\Weapons\RangedWeapon.cpp">
      <Filter>Source Files</Filter>
    </ClCompile>
    <ClCompile Include="Castlevania\Hud.cpp">
      <Filter>Source Files</Filter>
    </ClCompile>
    <ClCompile Include="Direct2DGame\Content\SpritesheetReader.cpp">
      <Filter>Source Files</Filter>
    </ClCompile>
    <ClCompile Include="Castlevania\Models\Items\Powerup.cpp">
      <Filter>Source Files</Filter>
    </ClCompile>
    <ClCompile Include="Castlevania\Effects\FlameEffect.cpp">
      <Filter>Source Files</Filter>
    </ClCompile>
    <ClCompile Include="Castlevania\Effects\EffectFactory.cpp">
      <Filter>Source Files</Filter>
    </ClCompile>
    <ClCompile Include="Castlevania\Models\Factories\ObjectFactory.cpp">
      <Filter>Source Files</Filter>
    </ClCompile>
    <ClCompile Include="Castlevania\Models\Trigger.cpp">
      <Filter>Source Files</Filter>
    </ClCompile>
    <ClCompile Include="Castlevania\Utilities\MapManager.cpp">
      <Filter>Source Files</Filter>
    </ClCompile>
    <ClCompile Include="Castlevania\Models\Characters\Enemies\Enemy.cpp">
      <Filter>Source Files</Filter>
    </ClCompile>
    <ClCompile Include="Castlevania\Models\Characters\Enemies\Zombie.cpp">
      <Filter>Source Files</Filter>
    </ClCompile>
    <ClCompile Include="Castlevania\Models\Systems\Movement\SimpleMovementSystem.cpp">
      <Filter>Source Files</Filter>
    </ClCompile>
    <ClCompile Include="Castlevania\Models\Systems\Movement\MovementSystem.cpp">
      <Filter>Source Files</Filter>
    </ClCompile>
    <ClCompile Include="Direct2DGame\Extensions\Direction.cpp">
      <Filter>Source Files</Filter>
    </ClCompile>
    <ClCompile Include="Castlevania\Utilities\Subject.cpp">
      <Filter>Source Files</Filter>
    </ClCompile>
    <ClCompile Include="Castlevania\Models\Systems\Collision\SimpleCollisionSystem.cpp">
      <Filter>Source Files</Filter>
    </ClCompile>
    <ClCompile Include="Castlevania\Models\Systems\Control\ControlSystem.cpp">
      <Filter>Source Files</Filter>
    </ClCompile>
    <ClCompile Include="Castlevania\Scenes\Stages\Stage.cpp">
      <Filter>Source Files</Filter>
    </ClCompile>
    <ClCompile Include="Castlevania\Models\Systems\Rendering\BoundingboxRenderingSystem.cpp">
      <Filter>Source Files</Filter>
    </ClCompile>
    <ClCompile Include="Castlevania\Models\Systems\Rendering\RenderingSystem.cpp">
      <Filter>Source Files</Filter>
    </ClCompile>
    <ClCompile Include="Castlevania\Models\Characters\Enemies\Panther.cpp">
      <Filter>Source Files</Filter>
    </ClCompile>
    <ClCompile Include="Castlevania\Models\Characters\Enemies\PantherControlSystem.cpp">
      <Filter>Source Files</Filter>
    </ClCompile>
    <ClCompile Include="Castlevania\Models\Characters\Enemies\PantherRenderingSystem.cpp">
      <Filter>Source Files</Filter>
    </ClCompile>
    <ClCompile Include="Castlevania\Models\Characters\Enemies\PantherCollisionSystem.cpp">
      <Filter>Source Files</Filter>
    </ClCompile>
    <ClCompile Include="Castlevania\Utilities\CppExtensions.cpp">
      <Filter>Source Files</Filter>
    </ClCompile>
    <ClCompile Include="Castlevania\Models\Systems\Movement\EntityMovementSystem.cpp">
      <Filter>Source Files</Filter>
    </ClCompile>
    <ClCompile Include="Castlevania\Models\Systems\Movement\WaveMovementSystem.cpp">
      <Filter>Source Files</Filter>
    </ClCompile>
    <ClCompile Include="Castlevania\Models\Systems\CollisionResponse\GroundResponseSystem.cpp">
      <Filter>Source Files</Filter>
    </ClCompile>
    <ClCompile Include="Castlevania\Models\Systems\CollisionResponse\ResponseSystem.cpp">
      <Filter>Source Files</Filter>
    </ClCompile>
    <ClCompile Include="Castlevania\Models\Characters\Enemies\ZombieResponseSystem.cpp">
      <Filter>Source Files</Filter>
    </ClCompile>
    <ClCompile Include="Castlevania\Models\Characters\Enemies\PantherResponseSystem.cpp">
      <Filter>Source Files</Filter>
    </ClCompile>
    <ClCompile Include="Direct2DGame\Input\Mouse.cpp">
      <Filter>Source Files</Filter>
    </ClCompile>
    <ClCompile Include="Direct2DGame\Input\DirectInput.cpp">
      <Filter>Source Files</Filter>
    </ClCompile>
    <ClCompile Include="Direct2DGame\Input\GameInput.cpp">
      <Filter>Source Files</Filter>
    </ClCompile>
    <ClCompile Include="Direct2DGame\Input\MouseState.cpp">
      <Filter>Source Files</Filter>
    </ClCompile>
    <ClCompile Include="Direct2DGame\Input\KeyboardState.cpp">
      <Filter>Source Files</Filter>
    </ClCompile>
    <ClCompile Include="Castlevania\Models\Characters\Enemies\VampireBat.cpp">
      <Filter>Source Files</Filter>
    </ClCompile>
    <ClCompile Include="Castlevania\Models\Characters\Enemies\VampireBatRenderingSystem.cpp">
      <Filter>Source Files</Filter>
    </ClCompile>
    <ClCompile Include="Castlevania\Models\Systems\Rendering\EffectRenderingSystem.cpp">
      <Filter>Source Files</Filter>
    </ClCompile>
    <ClCompile Include="Castlevania\Utilities\DevTool.cpp">
      <Filter>Source Files</Filter>
    </ClCompile>
    <ClCompile Include="Castlevania\Models\Characters\Enemies\Fishman.cpp">
      <Filter>Source Files</Filter>
    </ClCompile>
    <ClCompile Include="Castlevania\Models\Characters\Enemies\FishmanRenderingSystem.cpp">
      <Filter>Source Files</Filter>
    </ClCompile>
    <ClCompile Include="Castlevania\Models\Characters\Enemies\FishmanResponseSystem.cpp">
      <Filter>Source Files</Filter>
    </ClCompile>
    <ClCompile Include="Castlevania\Models\Characters\Enemies\FishmanControlSystem.cpp">
      <Filter>Source Files</Filter>
    </ClCompile>
    <ClCompile Include="Castlevania\Models\Spawners\SpawnArea.cpp">
      <Filter>Source Files</Filter>
    </ClCompile>
    <ClCompile Include="Castlevania\Models\Spawners\ZombieSpawnArea.cpp">
      <Filter>Source Files</Filter>
    </ClCompile>
    <ClCompile Include="Castlevania\Models\Spawners\SpawnerCollisionSystem.cpp">
      <Filter>Source Files</Filter>
    </ClCompile>
    <ClCompile Include="Castlevania\Models\Spawners\SpawnAreaResponseSystem.cpp">
      <Filter>Source Files</Filter>
    </ClCompile>
    <ClCompile Include="Castlevania\Models\Spawners\VampireBatSpawnArea.cpp">
      <Filter>Source Files</Filter>
    </ClCompile>
    <ClCompile Include="Castlevania\Models\Spawners\FishmanSpawnArea.cpp">
      <Filter>Source Files</Filter>
    </ClCompile>
    <ClCompile Include="Castlevania\Models\Spawners\SpawnPoint.cpp">
      <Filter>Source Files</Filter>
    </ClCompile>
    <ClCompile Include="Castlevania\Models\Items\Container.cpp">
      <Filter>Source Files</Filter>
    </ClCompile>
    <ClCompile Include="Castlevania\Models\Facing.cpp">
      <Filter>Source Files</Filter>
    </ClCompile>
    <ClCompile Include="Castlevania\Models\Items\PowerupResponseSystem.cpp">
      <Filter>Source Files</Filter>
    </ClCompile>
    <ClCompile Include="Castlevania\Models\Items\Door.cpp">
      <Filter>Source Files</Filter>
    </ClCompile>
    <ClCompile Include="Castlevania\Models\Items\DoorRenderingSystem.cpp">
      <Filter>Source Files</Filter>
    </ClCompile>
    <ClCompile Include="Castlevania\Scenes\Stages\NextRoomCutscene.cpp">
      <Filter>Source Files</Filter>
    </ClCompile>
    <ClCompile Include="Castlevania\Models\Systems\Rendering\ItemRenderingSystem.cpp">
      <Filter>Source Files</Filter>
    </ClCompile>
    <ClCompile Include="Castlevania\Models\Items\MoneyBag.cpp">
      <Filter>Source Files</Filter>
    </ClCompile>
    <ClCompile Include="Castlevania\Effects\MoneyTextEffect.cpp">
      <Filter>Source Files</Filter>
    </ClCompile>
    <ClCompile Include="Castlevania\Effects\FlashingMoneyTextEffect.cpp">
      <Filter>Source Files</Filter>
    </ClCompile>
    <ClCompile Include="Castlevania\Effects\WaterEffect.cpp">
      <Filter>Source Files</Filter>
    </ClCompile>
    <ClCompile Include="Castlevania\Models\Areas\WaterArea.cpp">
      <Filter>Source Files</Filter>
    </ClCompile>
    <ClCompile Include="Castlevania\Models\Areas\WaterAreaRenderingSystem.cpp">
      <Filter>Source Files</Filter>
    </ClCompile>
    <ClCompile Include="Castlevania\Scenes\Stages\GoToCastleCutScene.cpp">
      <Filter>Source Files</Filter>
    </ClCompile>
    <ClCompile Include="Castlevania\Scenes\Stages\Cutscene.cpp">
      <Filter>Source Files</Filter>
    </ClCompile>
    <ClCompile Include="Castlevania\Scenes\Stages\NextMapCutscene.cpp">
      <Filter>Source Files</Filter>
    </ClCompile>
    <ClCompile Include="Castlevania\Scenes\Stages\ResetCutscene.cpp">
      <Filter>Source Files</Filter>
    </ClCompile>
    <ClCompile Include="Castlevania\Models\Characters\Enemies\GiantBat.cpp">
      <Filter>Source Files</Filter>
    </ClCompile>
    <ClCompile Include="Castlevania\Models\Characters\Enemies\GiantBatRenderingSystem.cpp">
      <Filter>Source Files</Filter>
    </ClCompile>
    <ClCompile Include="Castlevania\Effects\BigFlameEffect.cpp">
      <Filter>Source Files</Filter>
    </ClCompile>
    <ClCompile Include="Castlevania\Models\Characters\Enemies\GiantBatControlSystem.cpp">
      <Filter>Source Files</Filter>
    </ClCompile>
    <ClCompile Include="Castlevania\Models\Characters\Enemies\GiantBatCollisionSystem.cpp">
      <Filter>Source Files</Filter>
    </ClCompile>
    <ClCompile Include="Castlevania\Models\Characters\Enemies\GiantBatMovementSystem.cpp">
      <Filter>Source Files</Filter>
    </ClCompile>
    <ClCompile Include="Castlevania\Scenes\Stages\BossFightCutscene.cpp">
      <Filter>Source Files</Filter>
    </ClCompile>
    <ClCompile Include="Castlevania\Models\Characters\Enemies\GiantBatResponseSystem.cpp">
      <Filter>Source Files</Filter>
    </ClCompile>
    <ClCompile Include="Direct2DGame\Base\Vector2.cpp">
      <Filter>Source Files</Filter>
    </ClCompile>
    <ClCompile Include="Castlevania\Effects\SparkEffect.cpp">
      <Filter>Source Files</Filter>
    </ClCompile>
    <ClCompile Include="Castlevania\Utilities\CollisionGrid.cpp">
      <Filter>Source Files</Filter>
    </ClCompile>
    <ClCompile Include="Castlevania\Utilities\CollisionCell.cpp">
      <Filter>Source Files</Filter>
    </ClCompile>
    <ClCompile Include="Castlevania\Models\Characters\Player\Player.cpp">
      <Filter>Source Files</Filter>
    </ClCompile>
    <ClCompile Include="Castlevania\Models\GameObject.cpp">
      <Filter>Source Files</Filter>
    </ClCompile>
    <ClCompile Include="Castlevania\Models\Weapons\WeaponResponseSystem.cpp">
      <Filter>Source Files</Filter>
    </ClCompile>
    <ClCompile Include="Castlevania\Models\Weapons\HolyWater.cpp">
      <Filter>Source Files</Filter>
    </ClCompile>
    <ClCompile Include="Castlevania\Models\Weapons\HolyWaterResponseSystem.cpp">
      <Filter>Source Files</Filter>
    </ClCompile>
    <ClCompile Include="Castlevania\Models\Weapons\HolyWaterRenderingSystem.cpp">
      <Filter>Source Files</Filter>
    </ClCompile>
    <ClCompile Include="Castlevania\Models\Weapons\PoisonResponseSystem.cpp">
      <Filter>Source Files</Filter>
    </ClCompile>
    <ClCompile Include="Castlevania\Models\Weapons\WeaponCollisionSystem.cpp">
      <Filter>Source Files</Filter>
    </ClCompile>
    <ClCompile Include="Castlevania\Scenes\Stages\StopwatchCutscene.cpp">
      <Filter>Source Files</Filter>
    </ClCompile>
  </ItemGroup>
  <ItemGroup>
    <ClInclude Include="Library\pugixml.hpp">
      <Filter>Header Files</Filter>
    </ClInclude>
    <ClInclude Include="Library\pugiconfig.hpp">
      <Filter>Header Files</Filter>
    </ClInclude>
    <ClInclude Include="Direct2DGame\Content\AbstractReader.h">
      <Filter>Header Files</Filter>
    </ClInclude>
    <ClInclude Include="Direct2DGame\Content\ContentManager.h">
      <Filter>Header Files</Filter>
    </ClInclude>
    <ClInclude Include="Direct2DGame\Content\ContentReader.h">
      <Filter>Header Files</Filter>
    </ClInclude>
    <ClInclude Include="Direct2DGame\Content\LoadContentException.h">
      <Filter>Header Files</Filter>
    </ClInclude>
    <ClInclude Include="Direct2DGame\Content\TextureReader.h">
      <Filter>Header Files</Filter>
    </ClInclude>
    <ClInclude Include="Direct2DGame\Game.h">
      <Filter>Header Files</Filter>
    </ClInclude>
    <ClInclude Include="Direct2DGame\GameWindow.h">
      <Filter>Header Files</Filter>
    </ClInclude>
    <ClInclude Include="Direct2DGame\GraphicsDeviceManager.h">
      <Filter>Header Files</Filter>
    </ClInclude>
    <ClInclude Include="Direct2DGame\ServiceProvider.h">
      <Filter>Header Files</Filter>
    </ClInclude>
    <ClInclude Include="Direct2DGame\Utilities\FileLogger.h">
      <Filter>Header Files</Filter>
    </ClInclude>
    <ClInclude Include="Direct2DGame\Utilities\WinHelper.h">
      <Filter>Header Files</Filter>
    </ClInclude>
    <ClInclude Include="Library\pugixml\pugiconfig.hpp">
      <Filter>Header Files</Filter>
    </ClInclude>
    <ClInclude Include="Library\pugixml\pugixml.hpp">
      <Filter>Header Files</Filter>
    </ClInclude>
    <ClInclude Include="Direct2DGame\Graphics\SpriteEffects.h">
      <Filter>Header Files</Filter>
    </ClInclude>
    <ClInclude Include="Direct2DGame\Content\SoundReader.h">
      <Filter>Header Files</Filter>
    </ClInclude>
    <ClInclude Include="Library\directx\DSUtil.h">
      <Filter>Header Files</Filter>
    </ClInclude>
    <ClInclude Include="Library\directx\DXUtil.h">
      <Filter>Header Files</Filter>
    </ClInclude>
    <ClInclude Include="Direct2DGame\Content\SpriteFontReader.h">
      <Filter>Header Files</Filter>
    </ClInclude>
    <ClInclude Include="Direct2DGame\Graphics\SpriteFont.h">
      <Filter>Header Files</Filter>
    </ClInclude>
    <ClInclude Include="Direct2DGame\Graphics\Texture.h">
      <Filter>Header Files</Filter>
    </ClInclude>
    <ClInclude Include="Direct2DGame\Base\Color.h">
      <Filter>Header Files</Filter>
    </ClInclude>
    <ClInclude Include="Direct2DGame\Utilities\FontHelper.h">
      <Filter>Header Files</Filter>
    </ClInclude>
    <ClInclude Include="MarioSample\MarioSampleGame.h">
      <Filter>Header Files</Filter>
    </ClInclude>
    <ClInclude Include="Direct2DGame\GameTime.h">
      <Filter>Header Files</Filter>
    </ClInclude>
    <ClInclude Include="MarioSample\Models\GameObject.h">
      <Filter>Header Files</Filter>
    </ClInclude>
    <ClInclude Include="MarioSample\Models\Mario.h">
      <Filter>Header Files</Filter>
    </ClInclude>
    <ClInclude Include="Direct2DGame\Graphics\SpriteBatch.h">
      <Filter>Header Files</Filter>
    </ClInclude>
    <ClInclude Include="MarioSample\Utilities\AudioManager.h">
      <Filter>Header Files</Filter>
    </ClInclude>
    <ClInclude Include="Direct2DGame\Graphics\Viewport.h">
      <Filter>Header Files</Filter>
    </ClInclude>
    <ClInclude Include="Direct2DGame\Graphics\GraphicsDevice.h">
      <Filter>Header Files</Filter>
    </ClInclude>
    <ClInclude Include="Direct2DGame\Utilities\TimeSpan.h">
      <Filter>Header Files</Filter>
    </ClInclude>
    <ClInclude Include="Direct2DGame\Input\Keyboard.h">
      <Filter>Header Files</Filter>
    </ClInclude>
    <ClInclude Include="Direct2DGame\Input\KeyboardState.h">
      <Filter>Header Files</Filter>
    </ClInclude>
    <ClInclude Include="Direct2DGame\Input\InputHelper.h">
      <Filter>Header Files</Filter>
    </ClInclude>
    <ClInclude Include="MarioSample\Models\MarioSettings.h">
      <Filter>Header Files</Filter>
    </ClInclude>
    <ClInclude Include="Direct2DGame\Base\Vector2.h">
      <Filter>Header Files</Filter>
    </ClInclude>
    <ClInclude Include="Direct2DGame\Base\Vector3.h">
      <Filter>Header Files</Filter>
    </ClInclude>
    <ClInclude Include="Direct2DGame\Utilities\Stopwatch.h">
      <Filter>Header Files</Filter>
    </ClInclude>
    <ClInclude Include="Direct2DGame\Base\Rect.h">
      <Filter>Header Files</Filter>
    </ClInclude>
    <ClInclude Include="Direct2DGame\Graphics\FontDescription.h">
      <Filter>Header Files</Filter>
    </ClInclude>
    <ClInclude Include="Direct2DGame\Graphics\FontStyle.h">
      <Filter>Header Files</Filter>
    </ClInclude>
    <ClInclude Include="Direct2DGame\Base\Point.h">
      <Filter>Header Files</Filter>
    </ClInclude>
    <ClInclude Include="Direct2DGame\MathHelper.h">
      <Filter>Header Files</Filter>
    </ClInclude>
    <ClInclude Include="Direct2DGame\GraphicsDeviceInformation.h">
      <Filter>Header Files</Filter>
    </ClInclude>
    <ClInclude Include="Direct2DGame\Graphics\DeviceDriverType.h">
      <Filter>Header Files</Filter>
    </ClInclude>
    <ClInclude Include="Direct2DGame\Direct3D9.h">
      <Filter>Header Files</Filter>
    </ClInclude>
    <ClInclude Include="Castlevania\Scenes\AbstractScene.h">
      <Filter>Header Files</Filter>
    </ClInclude>
    <ClInclude Include="Castlevania\Scenes\GameplayScene.h">
      <Filter>Header Files</Filter>
    </ClInclude>
    <ClInclude Include="Castlevania\Scenes\IntroScene.h">
      <Filter>Header Files</Filter>
    </ClInclude>
    <ClInclude Include="Castlevania\Scenes\MenuScene.h">
      <Filter>Header Files</Filter>
    </ClInclude>
    <ClInclude Include="Castlevania\Scenes\Scene.h">
      <Filter>Header Files</Filter>
    </ClInclude>
    <ClInclude Include="Castlevania\Scenes\SceneManager.h">
      <Filter>Header Files</Filter>
    </ClInclude>
    <ClInclude Include="Castlevania\Settings\Audios.h">
      <Filter>Header Files</Filter>
    </ClInclude>
    <ClInclude Include="Castlevania\Utilities\AudioManager.h">
      <Filter>Header Files</Filter>
    </ClInclude>
    <ClInclude Include="Castlevania\CastlevaniaGame.h">
      <Filter>Header Files</Filter>
    </ClInclude>
    <ClInclude Include="Castlevania\Settings\Animations.h">
      <Filter>Header Files</Filter>
    </ClInclude>
    <ClInclude Include="Direct2DGame\Content\AnimationFactoryReader.h">
      <Filter>Header Files</Filter>
    </ClInclude>
    <ClInclude Include="Direct2DGame\Extensions\Animations\Animation.h">
      <Filter>Header Files</Filter>
    </ClInclude>
    <ClInclude Include="Direct2DGame\Extensions\Animations\AnimationFactory.h">
      <Filter>Header Files</Filter>
    </ClInclude>
    <ClInclude Include="Direct2DGame\Extensions\Animations\AnimationFrame.h">
      <Filter>Header Files</Filter>
    </ClInclude>
    <ClInclude Include="Direct2DGame\Extensions\TextureRegion.h">
      <Filter>Header Files</Filter>
    </ClInclude>
    <ClInclude Include="Direct2DGame\Extensions\Sprites\SpriteExtensions.h">
      <Filter>Header Files</Filter>
    </ClInclude>
    <ClInclude Include="Direct2DGame\Extensions\Sprites\Sprite.h">
      <Filter>Header Files</Filter>
    </ClInclude>
    <ClInclude Include="Direct2DGame\Extensions\Animations\AnimatedSprite.h">
      <Filter>Header Files</Filter>
    </ClInclude>
    <ClInclude Include="Direct2DGame\Extensions\Tiled\TiledMap.h">
      <Filter>Header Files</Filter>
    </ClInclude>
    <ClInclude Include="Direct2DGame\Extensions\Tiled\TileSet.h">
      <Filter>Header Files</Filter>
    </ClInclude>
    <ClInclude Include="Direct2DGame\Content\TiledMapReader.h">
      <Filter>Header Files</Filter>
    </ClInclude>
    <ClInclude Include="Direct2DGame\Extensions\Camera.h">
      <Filter>Header Files</Filter>
    </ClInclude>
    <ClInclude Include="Castlevania\Settings\Button.h">
      <Filter>Header Files</Filter>
    </ClInclude>
    <ClInclude Include="Direct2DGame\Input\IController.h">
      <Filter>Header Files</Filter>
    </ClInclude>
    <ClInclude Include="MarioSample\Models\MarioController.h">
      <Filter>Header Files</Filter>
    </ClInclude>
    <ClInclude Include="Castlevania\Models\Weapons\Whip.h">
      <Filter>Header Files</Filter>
    </ClInclude>
    <ClInclude Include="Direct2DGame\Content\DictionaryReader.h">
      <Filter>Header Files</Filter>
    </ClInclude>
    <ClInclude Include="Castlevania\Models\Characters\Player\Controller.h">
      <Filter>Header Files</Filter>
    </ClInclude>
    <ClInclude Include="Castlevania\Models\IGameObject.h">
      <Filter>Header Files</Filter>
    </ClInclude>
    <ClInclude Include="Direct2DGame\Extensions\RectF.h">
      <Filter>Header Files</Filter>
    </ClInclude>
    <ClInclude Include="Direct2DGame\Extensions\Collisions\Body\Body.h">
      <Filter>Header Files</Filter>
    </ClInclude>
    <ClInclude Include="Direct2DGame\Extensions\Collisions\Body\CollisionData.h">
      <Filter>Header Files</Filter>
    </ClInclude>
    <ClInclude Include="Direct2DGame\Extensions\Collisions\Body\CollisionResult.h">
      <Filter>Header Files</Filter>
    </ClInclude>
    <ClInclude Include="Castlevania\Models\Characters\Player\PlayerResponseSystem.h">
      <Filter>Header Files</Filter>
    </ClInclude>
    <ClInclude Include="Castlevania\Models\Characters\Player\PlayerMovementSystem.h">
      <Filter>Header Files</Filter>
    </ClInclude>
    <ClInclude Include="Direct2DGame\Extensions\Collisions\IColliable.h">
      <Filter>Header Files</Filter>
    </ClInclude>
    <ClInclude Include="Direct2DGame\Extensions\Direction.h">
      <Filter>Header Files</Filter>
    </ClInclude>
    <ClInclude Include="Castlevania\Models\Systems\Collision\CollisionSystem.h">
      <Filter>Header Files</Filter>
    </ClInclude>
    <ClInclude Include="Castlevania\Models\Systems\CollisionResponse\ICollisionResponseSystem.h">
      <Filter>Header Files</Filter>
    </ClInclude>
    <ClInclude Include="Castlevania\Models\Systems\Collision\ICollisionSystem.h">
      <Filter>Header Files</Filter>
    </ClInclude>
    <ClInclude Include="Castlevania\Models\Systems\Movement\IMovementSystem.h">
      <Filter>Header Files</Filter>
    </ClInclude>
    <ClInclude Include="Castlevania\Models\Systems\Rendering\AnimationRenderingSystem.h">
      <Filter>Header Files</Filter>
    </ClInclude>
    <ClInclude Include="Castlevania\Models\Systems\Rendering\IRenderingSystem.h">
      <Filter>Header Files</Filter>
    </ClInclude>
    <ClInclude Include="Castlevania\Models\Systems\Rendering\SpriteRenderingSystem.h">
      <Filter>Header Files</Filter>
    </ClInclude>
    <ClInclude Include="Castlevania\Models\Characters\Player\PlayerData.h">
      <Filter>Header Files</Filter>
    </ClInclude>
    <ClInclude Include="Castlevania\HUD.h">
      <Filter>Header Files</Filter>
    </ClInclude>
    <ClInclude Include="Castlevania\Utilities\Timer.h">
      <Filter>Header Files</Filter>
    </ClInclude>
    <ClInclude Include="Castlevania\Models\Weapons\WhipRenderingSystem.h">
      <Filter>Header Files</Filter>
    </ClInclude>
    <ClInclude Include="Castlevania\Models\Weapons\WhipFlashingRenderingSystem.h">
      <Filter>Header Files</Filter>
    </ClInclude>
    <ClInclude Include="Castlevania\Models\Systems\Collision\StandardCollisionSystem.h">
      <Filter>Header Files</Filter>
    </ClInclude>
    <ClInclude Include="Castlevania\Models\Characters\Player\PlayerRenderingSystem.h">
      <Filter>Header Files</Filter>
    </ClInclude>
    <ClInclude Include="Castlevania\Models\Systems\IReceiver.h">
      <Filter>Header Files</Filter>
    </ClInclude>
    <ClInclude Include="Castlevania\Models\Weapons\RangedWeapon.h">
      <Filter>Header Files</Filter>
    </ClInclude>
    <ClInclude Include="Direct2DGame\Content\SpritesheetReader.h">
      <Filter>Header Files</Filter>
    </ClInclude>
    <ClInclude Include="Castlevania\Models\Items\Powerup.h">
      <Filter>Header Files</Filter>
    </ClInclude>
    <ClInclude Include="Direct2DGame\Extensions\Sprites\IDrawable.h">
      <Filter>Header Files</Filter>
    </ClInclude>
    <ClInclude Include="Castlevania\Effects\IEffect.h">
      <Filter>Header Files</Filter>
    </ClInclude>
    <ClInclude Include="Castlevania\Effects\FlameEffect.h">
      <Filter>Header Files</Filter>
    </ClInclude>
    <ClInclude Include="Castlevania\Effects\EffectFactory.h">
      <Filter>Header Files</Filter>
    </ClInclude>
    <ClInclude Include="Castlevania\Models\Factories\ObjectFactory.h">
      <Filter>Header Files</Filter>
    </ClInclude>
    <ClInclude Include="Castlevania\Models\Factories\ObjectCollection.h">
      <Filter>Header Files</Filter>
    </ClInclude>
    <ClInclude Include="Castlevania\Models\Systems\Control\IControlSystem.h">
      <Filter>Header Files</Filter>
    </ClInclude>
    <ClInclude Include="Castlevania\Models\TriggerType.h">
      <Filter>Header Files</Filter>
    </ClInclude>
    <ClInclude Include="Castlevania\Models\Trigger.h">
      <Filter>Header Files</Filter>
    </ClInclude>
    <ClInclude Include="Castlevania\Models\Facing.h">
      <Filter>Header Files</Filter>
    </ClInclude>
    <ClInclude Include="Castlevania\Utilities\CppExtensions.h">
      <Filter>Header Files</Filter>
    </ClInclude>
    <ClInclude Include="Castlevania\Models\UpdateData.h">
      <Filter>Header Files</Filter>
    </ClInclude>
    <ClInclude Include="Direct2DGame\IUpdateable.h">
      <Filter>Header Files</Filter>
    </ClInclude>
    <ClInclude Include="Castlevania\Utilities\MapManager.h">
      <Filter>Header Files</Filter>
    </ClInclude>
    <ClInclude Include="Castlevania\Models\Characters\Enemies\Enemy.h">
      <Filter>Header Files</Filter>
    </ClInclude>
    <ClInclude Include="Castlevania\Models\Characters\Enemies\Zombie.h">
      <Filter>Header Files</Filter>
    </ClInclude>
    <ClInclude Include="Castlevania\Models\Systems\Movement\SimpleMovementSystem.h">
      <Filter>Header Files</Filter>
    </ClInclude>
    <ClInclude Include="Castlevania\Models\Systems\Movement\MovementSystem.h">
      <Filter>Header Files</Filter>
    </ClInclude>
    <ClInclude Include="Castlevania\Utilities\IObserver.h">
      <Filter>Header Files</Filter>
    </ClInclude>
    <ClInclude Include="Castlevania\Utilities\Subject.h">
      <Filter>Header Files</Filter>
    </ClInclude>
    <ClInclude Include="Castlevania\Models\Settings.h">
      <Filter>Header Files</Filter>
    </ClInclude>
    <ClInclude Include="Castlevania\Models\Systems\Collision\SimpleCollisionSystem.h">
      <Filter>Header Files</Filter>
    </ClInclude>
    <ClInclude Include="Castlevania\Models\Systems\Control\ControlSystem.h">
      <Filter>Header Files</Filter>
    </ClInclude>
    <ClInclude Include="Castlevania\Scenes\Stages\Stage.h">
      <Filter>Header Files</Filter>
    </ClInclude>
    <ClInclude Include="Castlevania\Scenes\Stages\StageEvent.h">
      <Filter>Header Files</Filter>
    </ClInclude>
    <ClInclude Include="Castlevania\Utilities\MapSettings.h">
      <Filter>Header Files</Filter>
    </ClInclude>
    <ClInclude Include="Castlevania\Utilities\TypeConverter.h">
      <Filter>Header Files</Filter>
    </ClInclude>
    <ClInclude Include="Castlevania\Scenes\GameplayData.h">
      <Filter>Header Files</Filter>
    </ClInclude>
    <ClInclude Include="Castlevania\Models\Systems\Rendering\BoundingboxRenderingSystem.h">
      <Filter>Header Files</Filter>
    </ClInclude>
    <ClInclude Include="Castlevania\Models\Systems\Rendering\RenderingSystem.h">
      <Filter>Header Files</Filter>
    </ClInclude>
    <ClInclude Include="Castlevania\Models\Characters\Enemies\Panther.h">
      <Filter>Header Files</Filter>
    </ClInclude>
    <ClInclude Include="Castlevania\Models\Characters\Enemies\PantherControlSystem.h">
      <Filter>Header Files</Filter>
    </ClInclude>
    <ClInclude Include="Direct2DGame\Extensions\Collisions\Body\BoxCollisionResult.h">
      <Filter>Header Files</Filter>
    </ClInclude>
    <ClInclude Include="Castlevania\Models\Characters\Enemies\PantherRenderingSystem.h">
      <Filter>Header Files</Filter>
    </ClInclude>
    <ClInclude Include="Castlevania\Models\Characters\Enemies\PantherCollisionSystem.h">
      <Filter>Header Files</Filter>
    </ClInclude>
    <ClInclude Include="Castlevania\Models\Systems\Movement\EntityMovementSystem.h">
      <Filter>Header Files</Filter>
    </ClInclude>
    <ClInclude Include="Castlevania\Models\Systems\Movement\WaveMovementSystem.h">
      <Filter>Header Files</Filter>
    </ClInclude>
    <ClInclude Include="Castlevania\Models\Characters\Enemies\VampireBat.h">
      <Filter>Header Files</Filter>
    </ClInclude>
    <ClInclude Include="Castlevania\Models\Characters\Enemies\ZombieResponseSystem.h">
      <Filter>Header Files</Filter>
    </ClInclude>
    <ClInclude Include="Castlevania\Models\Systems\CollisionResponse\GroundResponseSystem.h">
      <Filter>Header Files</Filter>
    </ClInclude>
    <ClInclude Include="Castlevania\Models\Systems\CollisionResponse\ResponseSystem.h">
      <Filter>Header Files</Filter>
    </ClInclude>
    <ClInclude Include="Castlevania\Models\Characters\Enemies\PantherResponseSystem.h">
      <Filter>Header Files</Filter>
    </ClInclude>
    <ClInclude Include="Direct2DGame\Input\Mouse.h">
      <Filter>Header Files</Filter>
    </ClInclude>
    <ClInclude Include="Direct2DGame\Input\MouseState.h">
      <Filter>Header Files</Filter>
    </ClInclude>
    <ClInclude Include="Direct2DGame\Input\DirectInput.h">
      <Filter>Header Files</Filter>
    </ClInclude>
    <ClInclude Include="Direct2DGame\Input\GameInput.h">
      <Filter>Header Files</Filter>
    </ClInclude>
    <ClInclude Include="Castlevania\Models\Characters\Enemies\VampireBatRenderingSystem.h">
      <Filter>Header Files</Filter>
    </ClInclude>
    <ClInclude Include="Castlevania\Models\Systems\Rendering\EffectRenderingSystem.h">
      <Filter>Header Files</Filter>
    </ClInclude>
    <ClInclude Include="Castlevania\Utilities\DevTool.h">
      <Filter>Header Files</Filter>
    </ClInclude>
    <ClInclude Include="Castlevania\Models\Characters\Enemies\Fishman.h">
      <Filter>Header Files</Filter>
    </ClInclude>
    <ClInclude Include="Castlevania\Models\Characters\Enemies\FishmanRenderingSystem.h">
      <Filter>Header Files</Filter>
    </ClInclude>
    <ClInclude Include="Castlevania\Models\Characters\Enemies\FishmanResponseSystem.h">
      <Filter>Header Files</Filter>
    </ClInclude>
    <ClInclude Include="Castlevania\Models\Characters\Enemies\FishmanControlSystem.h">
      <Filter>Header Files</Filter>
    </ClInclude>
    <ClInclude Include="Castlevania\Models\IAttackable.h">
      <Filter>Header Files</Filter>
    </ClInclude>
    <ClInclude Include="Castlevania\Models\Spawners\SpawnArea.h">
      <Filter>Header Files</Filter>
    </ClInclude>
    <ClInclude Include="Castlevania\Models\Spawners\SpawnPoint.h">
      <Filter>Header Files</Filter>
    </ClInclude>
    <ClInclude Include="Castlevania\Models\Spawners\ISpawner.h">
      <Filter>Header Files</Filter>
    </ClInclude>
    <ClInclude Include="Castlevania\Models\Spawners\ZombieSpawnArea.h">
      <Filter>Header Files</Filter>
    </ClInclude>
    <ClInclude Include="Castlevania\Models\Spawners\SpawnerCollisionSystem.h">
      <Filter>Header Files</Filter>
    </ClInclude>
    <ClInclude Include="Castlevania\Models\Spawners\SpawnAreaResponseSystem.h">
      <Filter>Header Files</Filter>
    </ClInclude>
    <ClInclude Include="Castlevania\Models\Spawners\VampireBatSpawnArea.h">
      <Filter>Header Files</Filter>
    </ClInclude>
    <ClInclude Include="Castlevania\Models\Spawners\FishmanSpawnArea.h">
      <Filter>Header Files</Filter>
    </ClInclude>
    <ClInclude Include="Castlevania\Models\Items\Container.h">
      <Filter>Header Files</Filter>
    </ClInclude>
    <ClInclude Include="Castlevania\Models\Items\PowerupResponseSystem.h">
      <Filter>Header Files</Filter>
    </ClInclude>
    <ClInclude Include="Castlevania\Models\Items\Door.h">
      <Filter>Header Files</Filter>
    </ClInclude>
    <ClInclude Include="Castlevania\Models\Items\DoorRenderingSystem.h">
      <Filter>Header Files</Filter>
    </ClInclude>
    <ClInclude Include="Castlevania\Models\Characters\Player\NearbyObjects.h">
      <Filter>Header Files</Filter>
    </ClInclude>
    <ClInclude Include="Castlevania\Scenes\Stages\NextRoomCutscene.h">
      <Filter>Header Files</Filter>
    </ClInclude>
    <ClInclude Include="Castlevania\Models\Systems\Rendering\ItemRenderingSystem.h">
      <Filter>Header Files</Filter>
    </ClInclude>
    <ClInclude Include="Castlevania\Models\Items\MoneyBag.h">
      <Filter>Header Files</Filter>
    </ClInclude>
    <ClInclude Include="Castlevania\Effects\MoneyTextEffect.h">
      <Filter>Header Files</Filter>
    </ClInclude>
    <ClInclude Include="Castlevania\Effects\FlashingMoneyTextEffect.h">
      <Filter>Header Files</Filter>
    </ClInclude>
    <ClInclude Include="Castlevania\Effects\WaterEffect.h">
      <Filter>Header Files</Filter>
    </ClInclude>
    <ClInclude Include="Castlevania\Models\Areas\WaterArea.h">
      <Filter>Header Files</Filter>
    </ClInclude>
    <ClInclude Include="Castlevania\Models\Areas\WaterAreaRenderingSystem.h">
      <Filter>Header Files</Filter>
    </ClInclude>
    <ClInclude Include="Castlevania\Scenes\Stages\GoToCastleCutScene.h">
      <Filter>Header Files</Filter>
    </ClInclude>
    <ClInclude Include="Castlevania\Scenes\Stages\Cutscene.h">
      <Filter>Header Files</Filter>
    </ClInclude>
    <ClInclude Include="Castlevania\Scenes\Stages\NextMapCutscene.h">
      <Filter>Header Files</Filter>
    </ClInclude>
    <ClInclude Include="Castlevania\Scenes\Stages\ResetCutscene.h">
      <Filter>Header Files</Filter>
    </ClInclude>
    <ClInclude Include="Castlevania\Scenes\Stages\RespawnPoint.h">
      <Filter>Header Files</Filter>
    </ClInclude>
    <ClInclude Include="Castlevania\Models\Characters\Enemies\GiantBat.h">
      <Filter>Header Files</Filter>
    </ClInclude>
    <ClInclude Include="Castlevania\Models\Characters\Enemies\GiantBatRenderingSystem.h">
      <Filter>Header Files</Filter>
    </ClInclude>
    <ClInclude Include="Castlevania\Effects\BigFlameEffect.h">
      <Filter>Header Files</Filter>
    </ClInclude>
    <ClInclude Include="Castlevania\Models\Characters\Enemies\GiantBatControlSystem.h">
      <Filter>Header Files</Filter>
    </ClInclude>
    <ClInclude Include="Castlevania\Models\Characters\Enemies\GiantBatCollisionSystem.h">
      <Filter>Header Files</Filter>
    </ClInclude>
    <ClInclude Include="Castlevania\Models\Characters\Enemies\GiantBatMovementSystem.h">
      <Filter>Header Files</Filter>
    </ClInclude>
    <ClInclude Include="Castlevania\Scenes\GameOverScene.h">
      <Filter>Header Files</Filter>
    </ClInclude>
    <ClInclude Include="Castlevania\Models\ObjectId.h">
      <Filter>Header Files</Filter>
    </ClInclude>
    <ClInclude Include="Castlevania\Scenes\Stages\BossFightCutscene.h">
      <Filter>Header Files</Filter>
    </ClInclude>
    <ClInclude Include="Castlevania\Models\IBoss.h">
      <Filter>Header Files</Filter>
    </ClInclude>
    <ClInclude Include="Castlevania\Models\Characters\Enemies\GiantBatResponseSystem.h">
      <Filter>Header Files</Filter>
    </ClInclude>
    <ClInclude Include="Castlevania\Scenes\Stages\LevelCompletedCutscene.h">
      <Filter>Header Files</Filter>
    </ClInclude>
    <ClInclude Include="Castlevania\Effects\SparkEffect.h">
      <Filter>Header Files</Filter>
    </ClInclude>
    <ClInclude Include="Castlevania\Utilities\CollisionGrid.h">
      <Filter>Header Files</Filter>
    </ClInclude>
    <ClInclude Include="Castlevania\Utilities\CollisionCell.h">
      <Filter>Header Files</Filter>
    </ClInclude>
    <ClInclude Include="Castlevania\Scenes\Stages\StageObject.h">
      <Filter>Header Files</Filter>
    </ClInclude>
    <ClInclude Include="Castlevania\Utilities\CollisionObject.h">
      <Filter>Header Files</Filter>
    </ClInclude>
    <ClInclude Include="Castlevania\Models\Characters\Player\Player.h">
      <Filter>Header Files</Filter>
    </ClInclude>
    <ClInclude Include="Castlevania\Models\GameObject.h">
      <Filter>Header Files</Filter>
    </ClInclude>
    <ClInclude Include="Castlevania\Utilities\CollisionGridData.h">
      <Filter>Header Files</Filter>
    </ClInclude>
    <ClInclude Include="Castlevania\Models\IThrowable.h">
      <Filter>Header Files</Filter>
    </ClInclude>
    <ClInclude Include="Castlevania\Models\Weapons\WeaponResponseSystem.h">
      <Filter>Header Files</Filter>
    </ClInclude>
    <ClInclude Include="Castlevania\Models\Weapons\HolyWaterResponseSystem.h">
      <Filter>Header Files</Filter>
    </ClInclude>
    <ClInclude Include="Castlevania\Models\Weapons\HolyWater.h">
      <Filter>Header Files</Filter>
    </ClInclude>
    <ClInclude Include="Castlevania\Models\Weapons\HolyWaterRenderingSystem.h">
      <Filter>Header Files</Filter>
    </ClInclude>
    <ClInclude Include="Castlevania\Models\Weapons\PoisonResponseSystem.h">
      <Filter>Header Files</Filter>
    </ClInclude>
    <ClInclude Include="Castlevania\Models\Weapons\WeaponCollisionSystem.h">
      <Filter>Header Files</Filter>
    </ClInclude>
    <ClInclude Include="Castlevania\Scenes\Stages\StopwatchCutscene.h">
      <Filter>Header Files</Filter>
    </ClInclude>
  </ItemGroup>
  <ItemGroup>
    <None Include="cpp.hint" />
  </ItemGroup>
</Project>