<?xml version="1.0" encoding="utf-8"?>
<Project ToolsVersion="4.0" xmlns="http://schemas.microsoft.com/developer/msbuild/2003">
  <ItemGroup>
    <Filter Include="Source Files">
      <UniqueIdentifier>{4FC737F1-C7A5-4376-A066-2A32D752A2FF}</UniqueIdentifier>
      <Extensions>cpp;c;cc;cxx;def;odl;idl;hpj;bat;asm;asmx</Extensions>
    </Filter>
    <Filter Include="Header Files">
      <UniqueIdentifier>{93995380-89BD-4b04-88EB-625FBE52EBFB}</UniqueIdentifier>
      <Extensions>h;hh;hpp;hxx;hm;inl;inc;ipp;xsd</Extensions>
    </Filter>
    <Filter Include="Resource Files">
      <UniqueIdentifier>{67DA6AB6-F800-4c08-8B7A-83BB121AAD01}</UniqueIdentifier>
      <Extensions>rc;ico;cur;bmp;dlg;rc2;rct;bin;rgs;gif;jpg;jpeg;jpe;resx;tiff;tif;png;wav;mfcribbon-ms</Extensions>
    </Filter>
  </ItemGroup>
  <ItemGroup>
    <ClCompile Include="Direct2DGame\Content\ContentManager.cpp">
      <Filter>Source Files</Filter>
    </ClCompile>
    <ClCompile Include="Direct2DGame\Content\ContentReader.cpp">
      <Filter>Source Files</Filter>
    </ClCompile>
    <ClCompile Include="Direct2DGame\Content\TextureReader.cpp">
      <Filter>Source Files</Filter>
    </ClCompile>
    <ClCompile Include="Direct2DGame\Game.cpp">
      <Filter>Source Files</Filter>
    </ClCompile>
    <ClCompile Include="Direct2DGame\GameWindow.cpp">
      <Filter>Source Files</Filter>
    </ClCompile>
    <ClCompile Include="Direct2DGame\GraphicsDeviceManager.cpp">
      <Filter>Source Files</Filter>
    </ClCompile>
    <ClCompile Include="Direct2DGame\Utilities\FileLogger.cpp">
      <Filter>Source Files</Filter>
    </ClCompile>
    <ClCompile Include="Direct2DGame\Utilities\WinHelper.cpp">
      <Filter>Source Files</Filter>
    </ClCompile>
    <ClCompile Include="Library\pugixml\pugixml.cpp">
      <Filter>Source Files</Filter>
    </ClCompile>
    <ClCompile Include="Direct2DGame\Content\SoundReader.cpp">
      <Filter>Source Files</Filter>
    </ClCompile>
    <ClCompile Include="Library\directx\DSUtil.cpp">
      <Filter>Source Files</Filter>
    </ClCompile>
    <ClCompile Include="Library\directx\DXUtil.cpp">
      <Filter>Source Files</Filter>
    </ClCompile>
    <ClCompile Include="Direct2DGame\Content\SpriteFontReader.cpp">
      <Filter>Source Files</Filter>
    </ClCompile>
    <ClCompile Include="Direct2DGame\Graphics\SpriteFont.cpp">
      <Filter>Source Files</Filter>
    </ClCompile>
    <ClCompile Include="Direct2DGame\Graphics\Texture.cpp">
      <Filter>Source Files</Filter>
    </ClCompile>
    <ClCompile Include="Direct2DGame\Utilities\FontHelper.cpp">
      <Filter>Source Files</Filter>
    </ClCompile>
    <ClCompile Include="MarioSample\MarioSampleGame.cpp">
      <Filter>Source Files</Filter>
    </ClCompile>
    <ClCompile Include="Main.cpp">
      <Filter>Source Files</Filter>
    </ClCompile>
    <ClCompile Include="MarioSample\Models\GameObject.cpp">
      <Filter>Source Files</Filter>
    </ClCompile>
    <ClCompile Include="MarioSample\Models\Mario.cpp">
      <Filter>Source Files</Filter>
    </ClCompile>
    <ClCompile Include="MarioSample\Utilities\AudioManager.cpp">
      <Filter>Source Files</Filter>
    </ClCompile>
    <ClCompile Include="Direct2DGame\Graphics\SpriteBatch.cpp">
      <Filter>Source Files</Filter>
    </ClCompile>
    <ClCompile Include="Direct2DGame\Graphics\GraphicsDevice.cpp">
      <Filter>Source Files</Filter>
    </ClCompile>
    <ClCompile Include="Direct2DGame\Utilities\TimeSpan.cpp">
      <Filter>Source Files</Filter>
    </ClCompile>
    <ClCompile Include="Direct2DGame\Input\Keyboard.cpp">
      <Filter>Source Files</Filter>
    </ClCompile>
    <ClCompile Include="Direct2DGame\Input\InputHelper.cpp">
      <Filter>Source Files</Filter>
    </ClCompile>
    <ClCompile Include="Direct2DGame\Utilities\Stopwatch.cpp">
      <Filter>Source Files</Filter>
    </ClCompile>
    <ClCompile Include="Direct2DGame\MathHelper.cpp">
      <Filter>Source Files</Filter>
    </ClCompile>
    <ClCompile Include="Castlevania\Scenes\AbstractScene.cpp">
      <Filter>Source Files</Filter>
    </ClCompile>
    <ClCompile Include="Castlevania\Scenes\GameplayScene.cpp">
      <Filter>Source Files</Filter>
    </ClCompile>
    <ClCompile Include="Castlevania\Scenes\IntroScene.cpp">
      <Filter>Source Files</Filter>
    </ClCompile>
    <ClCompile Include="Castlevania\Scenes\MenuScene.cpp">
      <Filter>Source Files</Filter>
    </ClCompile>
    <ClCompile Include="Castlevania\Scenes\SceneManager.cpp">
      <Filter>Source Files</Filter>
    </ClCompile>
    <ClCompile Include="Castlevania\Settings\Fonts.cpp">
      <Filter>Source Files</Filter>
    </ClCompile>
    <ClCompile Include="Castlevania\Utilities\AudioManager.cpp">
      <Filter>Source Files</Filter>
    </ClCompile>
    <ClCompile Include="Castlevania\CastlevaniaGame.cpp">
      <Filter>Source Files</Filter>
    </ClCompile>
    <ClCompile Include="Direct2DGame\Content\CharacterStatsReader.cpp">
      <Filter>Source Files</Filter>
    </ClCompile>
    <ClCompile Include="Castlevania\Models\GameObject.cpp">
      <Filter>Source Files</Filter>
    </ClCompile>
    <ClCompile Include="Direct2DGame\Content\AnimationFactoryReader.cpp">
      <Filter>Source Files</Filter>
    </ClCompile>
    <ClCompile Include="Direct2DGame\Extensions\Animations\Animation.cpp">
      <Filter>Source Files</Filter>
    </ClCompile>
    <ClCompile Include="Direct2DGame\Extensions\Animations\AnimationFactory.cpp">
      <Filter>Source Files</Filter>
    </ClCompile>
    <ClCompile Include="Direct2DGame\Extensions\Animations\AnimationFrame.cpp">
      <Filter>Source Files</Filter>
    </ClCompile>
    <ClCompile Include="Direct2DGame\Extensions\TextureRegion.cpp">
      <Filter>Source Files</Filter>
    </ClCompile>
    <ClCompile Include="Direct2DGame\Extensions\Sprites\Sprite.cpp">
      <Filter>Source Files</Filter>
    </ClCompile>
    <ClCompile Include="Direct2DGame\Extensions\Animations\AnimatedSprite.cpp">
      <Filter>Source Files</Filter>
    </ClCompile>
    <ClCompile Include="Direct2DGame\Extensions\Sprites\SpriteExtensions.cpp">
      <Filter>Source Files</Filter>
    </ClCompile>
    <ClCompile Include="Direct2DGame\Content\TiledMapReader.cpp">
      <Filter>Source Files</Filter>
    </ClCompile>
    <ClCompile Include="Direct2DGame\Extensions\Tiled\TiledMap.cpp">
      <Filter>Source Files</Filter>
    </ClCompile>
    <ClCompile Include="Direct2DGame\Extensions\Tiled\TileSet.cpp">
      <Filter>Source Files</Filter>
    </ClCompile>
    <ClCompile Include="Direct2DGame\Extensions\Camera.cpp">
      <Filter>Source Files</Filter>
    </ClCompile>
    <ClCompile Include="Castlevania\Stages\StageManager.cpp">
      <Filter>Source Files</Filter>
    </ClCompile>
    <ClCompile Include="Castlevania\Factories\ObjectFactory.cpp">
      <Filter>Source Files</Filter>
    </ClCompile>
    <ClCompile Include="Castlevania\Models\Characters\Bat.cpp">
      <Filter>Source Files</Filter>
    </ClCompile>
    <ClCompile Include="Castlevania\Models\Characters\Player.cpp">
      <Filter>Source Files</Filter>
    </ClCompile>
    <ClCompile Include="Castlevania\Models\Characters\Simon.cpp">
      <Filter>Source Files</Filter>
    </ClCompile>
    <ClCompile Include="Castlevania\Models\Items\FirePit.cpp">
      <Filter>Source Files</Filter>
    </ClCompile>
    <ClCompile Include="Direct2DGame\Base\Rect.cpp">
      <Filter>Source Files</Filter>
    </ClCompile>
    <ClCompile Include="Direct2DGame\Base\Color.cpp">
      <Filter>Source Files</Filter>
    </ClCompile>
  </ItemGroup>
  <ItemGroup>
    <ClInclude Include="Library\pugixml.hpp">
      <Filter>Header Files</Filter>
    </ClInclude>
    <ClInclude Include="Library\pugiconfig.hpp">
      <Filter>Header Files</Filter>
    </ClInclude>
    <ClInclude Include="Direct2DGame\Content\AbstractReader.h">
      <Filter>Header Files</Filter>
    </ClInclude>
    <ClInclude Include="Direct2DGame\Content\ContentManager.h">
      <Filter>Header Files</Filter>
    </ClInclude>
    <ClInclude Include="Direct2DGame\Content\ContentReader.h">
      <Filter>Header Files</Filter>
    </ClInclude>
    <ClInclude Include="Direct2DGame\Content\LoadContentException.h">
      <Filter>Header Files</Filter>
    </ClInclude>
    <ClInclude Include="Direct2DGame\Content\TextureReader.h">
      <Filter>Header Files</Filter>
    </ClInclude>
    <ClInclude Include="Direct2DGame\Game.h">
      <Filter>Header Files</Filter>
    </ClInclude>
    <ClInclude Include="Direct2DGame\GameWindow.h">
      <Filter>Header Files</Filter>
    </ClInclude>
    <ClInclude Include="Direct2DGame\GraphicsDeviceManager.h">
      <Filter>Header Files</Filter>
    </ClInclude>
    <ClInclude Include="Direct2DGame\ServiceProvider.h">
      <Filter>Header Files</Filter>
    </ClInclude>
    <ClInclude Include="Direct2DGame\Utilities\FileLogger.h">
      <Filter>Header Files</Filter>
    </ClInclude>
    <ClInclude Include="Direct2DGame\Utilities\WinHelper.h">
      <Filter>Header Files</Filter>
    </ClInclude>
    <ClInclude Include="Library\pugixml\pugiconfig.hpp">
      <Filter>Header Files</Filter>
    </ClInclude>
    <ClInclude Include="Library\pugixml\pugixml.hpp">
      <Filter>Header Files</Filter>
    </ClInclude>
    <ClInclude Include="Direct2DGame\Graphics\SpriteEffects.h">
      <Filter>Header Files</Filter>
    </ClInclude>
    <ClInclude Include="Direct2DGame\Content\SoundReader.h">
      <Filter>Header Files</Filter>
    </ClInclude>
    <ClInclude Include="Library\directx\DSUtil.h">
      <Filter>Header Files</Filter>
    </ClInclude>
    <ClInclude Include="Library\directx\DXUtil.h">
      <Filter>Header Files</Filter>
    </ClInclude>
    <ClInclude Include="Direct2DGame\Content\SpriteFontReader.h">
      <Filter>Header Files</Filter>
    </ClInclude>
    <ClInclude Include="Direct2DGame\Graphics\SpriteFont.h">
      <Filter>Header Files</Filter>
    </ClInclude>
    <ClInclude Include="Direct2DGame\Graphics\Texture.h">
      <Filter>Header Files</Filter>
    </ClInclude>
    <ClInclude Include="Direct2DGame\Base\Color.h">
      <Filter>Header Files</Filter>
    </ClInclude>
    <ClInclude Include="Direct2DGame\Utilities\FontHelper.h">
      <Filter>Header Files</Filter>
    </ClInclude>
    <ClInclude Include="MarioSample\MarioSampleGame.h">
      <Filter>Header Files</Filter>
    </ClInclude>
    <ClInclude Include="Direct2DGame\GameTime.h">
      <Filter>Header Files</Filter>
    </ClInclude>
    <ClInclude Include="MarioSample\Models\GameObject.h">
      <Filter>Header Files</Filter>
    </ClInclude>
    <ClInclude Include="MarioSample\Models\Mario.h">
      <Filter>Header Files</Filter>
    </ClInclude>
    <ClInclude Include="Direct2DGame\Graphics\SpriteBatch.h">
      <Filter>Header Files</Filter>
    </ClInclude>
    <ClInclude Include="MarioSample\Utilities\AudioManager.h">
      <Filter>Header Files</Filter>
    </ClInclude>
    <ClInclude Include="Direct2DGame\Graphics\Viewport.h">
      <Filter>Header Files</Filter>
    </ClInclude>
    <ClInclude Include="Direct2DGame\Graphics\GraphicsDevice.h">
      <Filter>Header Files</Filter>
    </ClInclude>
    <ClInclude Include="Direct2DGame\Utilities\TimeSpan.h">
      <Filter>Header Files</Filter>
    </ClInclude>
    <ClInclude Include="Direct2DGame\Input\Keyboard.h">
      <Filter>Header Files</Filter>
    </ClInclude>
    <ClInclude Include="Direct2DGame\Input\KeyboardState.h">
      <Filter>Header Files</Filter>
    </ClInclude>
    <ClInclude Include="Direct2DGame\Input\InputHelper.h">
      <Filter>Header Files</Filter>
    </ClInclude>
    <ClInclude Include="MarioSample\Models\MarioSettings.h">
      <Filter>Header Files</Filter>
    </ClInclude>
    <ClInclude Include="Direct2DGame\Base\Vector2.h">
      <Filter>Header Files</Filter>
    </ClInclude>
    <ClInclude Include="Direct2DGame\Base\Vector3.h">
      <Filter>Header Files</Filter>
    </ClInclude>
    <ClInclude Include="Direct2DGame\Utilities\Stopwatch.h">
      <Filter>Header Files</Filter>
    </ClInclude>
    <ClInclude Include="Direct2DGame\Base\Rect.h">
      <Filter>Header Files</Filter>
    </ClInclude>
    <ClInclude Include="Direct2DGame\Graphics\FontDescription.h">
      <Filter>Header Files</Filter>
    </ClInclude>
    <ClInclude Include="Direct2DGame\Graphics\FontStyle.h">
      <Filter>Header Files</Filter>
    </ClInclude>
    <ClInclude Include="Direct2DGame\Base\Point.h">
      <Filter>Header Files</Filter>
    </ClInclude>
    <ClInclude Include="Direct2DGame\MathHelper.h">
      <Filter>Header Files</Filter>
    </ClInclude>
    <ClInclude Include="Direct2DGame\GraphicsDeviceInformation.h">
      <Filter>Header Files</Filter>
    </ClInclude>
    <ClInclude Include="Direct2DGame\Graphics\DeviceDriverType.h">
      <Filter>Header Files</Filter>
    </ClInclude>
    <ClInclude Include="Direct2DGame\Direct3D9.h">
      <Filter>Header Files</Filter>
    </ClInclude>
    <ClInclude Include="Direct2DGame\Input\DirectInput.h">
      <Filter>Header Files</Filter>
    </ClInclude>
    <ClInclude Include="Castlevania\Models\IControllable.h">
      <Filter>Header Files</Filter>
    </ClInclude>
    <ClInclude Include="Castlevania\Scenes\AbstractScene.h">
      <Filter>Header Files</Filter>
    </ClInclude>
    <ClInclude Include="Castlevania\Scenes\GameplayScene.h">
      <Filter>Header Files</Filter>
    </ClInclude>
    <ClInclude Include="Castlevania\Scenes\IntroScene.h">
      <Filter>Header Files</Filter>
    </ClInclude>
    <ClInclude Include="Castlevania\Scenes\MenuScene.h">
      <Filter>Header Files</Filter>
    </ClInclude>
    <ClInclude Include="Castlevania\Scenes\Scene.h">
      <Filter>Header Files</Filter>
    </ClInclude>
    <ClInclude Include="Castlevania\Scenes\SceneManager.h">
      <Filter>Header Files</Filter>
    </ClInclude>
    <ClInclude Include="Castlevania\Settings\Audios.h">
      <Filter>Header Files</Filter>
    </ClInclude>
    <ClInclude Include="Castlevania\Settings\Fonts.h">
      <Filter>Header Files</Filter>
    </ClInclude>
    <ClInclude Include="Castlevania\Utilities\AudioManager.h">
      <Filter>Header Files</Filter>
    </ClInclude>
    <ClInclude Include="Castlevania\CastlevaniaGame.h">
      <Filter>Header Files</Filter>
    </ClInclude>
    <ClInclude Include="Direct2DGame\Content\CharacterStatsReader.h">
      <Filter>Header Files</Filter>
    </ClInclude>
    <ClInclude Include="Direct2DGame\Data\CharacterStats.h">
      <Filter>Header Files</Filter>
    </ClInclude>
    <ClInclude Include="Direct2DGame\Data\WeaponStats.h">
      <Filter>Header Files</Filter>
    </ClInclude>
    <ClInclude Include="Castlevania\Settings\Animations.h">
      <Filter>Header Files</Filter>
    </ClInclude>
    <ClInclude Include="Direct2DGame\IUpdateable.h">
      <Filter>Header Files</Filter>
    </ClInclude>
    <ClInclude Include="Direct2DGame\IDrawable.h">
      <Filter>Header Files</Filter>
    </ClInclude>
    <ClInclude Include="Castlevania\Models\GameObject.h">
      <Filter>Header Files</Filter>
    </ClInclude>
    <ClInclude Include="Direct2DGame\Content\AnimationFactoryReader.h">
      <Filter>Header Files</Filter>
    </ClInclude>
    <ClInclude Include="Direct2DGame\Extensions\Transform.h">
      <Filter>Header Files</Filter>
    </ClInclude>
    <ClInclude Include="Direct2DGame\Extensions\Animations\Animation.h">
      <Filter>Header Files</Filter>
    </ClInclude>
    <ClInclude Include="Direct2DGame\Extensions\Animations\AnimationFactory.h">
      <Filter>Header Files</Filter>
    </ClInclude>
    <ClInclude Include="Direct2DGame\Extensions\Animations\AnimationFrame.h">
      <Filter>Header Files</Filter>
    </ClInclude>
    <ClInclude Include="Direct2DGame\Extensions\TextureRegion.h">
      <Filter>Header Files</Filter>
    </ClInclude>
    <ClInclude Include="Direct2DGame\Extensions\Sprites\SpriteExtensions.h">
      <Filter>Header Files</Filter>
    </ClInclude>
    <ClInclude Include="Direct2DGame\Extensions\Sprites\Sprite.h">
      <Filter>Header Files</Filter>
    </ClInclude>
    <ClInclude Include="Direct2DGame\Extensions\Animations\AnimatedSprite.h">
      <Filter>Header Files</Filter>
    </ClInclude>
    <ClInclude Include="Direct2DGame\Extensions\Tiled\TiledMap.h">
      <Filter>Header Files</Filter>
    </ClInclude>
    <ClInclude Include="Direct2DGame\Extensions\Tiled\TileSet.h">
      <Filter>Header Files</Filter>
    </ClInclude>
    <ClInclude Include="Direct2DGame\Content\TiledMapReader.h">
      <Filter>Header Files</Filter>
    </ClInclude>
    <ClInclude Include="Direct2DGame\Extensions\Camera.h">
      <Filter>Header Files</Filter>
    </ClInclude>
    <ClInclude Include="Castlevania\Factories\ObjectFactory.h">
      <Filter>Header Files</Filter>
    </ClInclude>
    <ClInclude Include="Castlevania\Stages\StageManager.h">
      <Filter>Header Files</Filter>
    </ClInclude>
    <ClInclude Include="Castlevania\Models\EntityType.h">
      <Filter>Header Files</Filter>
    </ClInclude>
    <ClInclude Include="Castlevania\Models\Characters\Bat.h">
      <Filter>Header Files</Filter>
    </ClInclude>
    <ClInclude Include="Castlevania\Models\Characters\Simon.h">
      <Filter>Header Files</Filter>
    </ClInclude>
    <ClInclude Include="Castlevania\Models\Characters\Player.h">
      <Filter>Header Files</Filter>
    </ClInclude>
    <ClInclude Include="Castlevania\Models\Items\FirePit.h">
      <Filter>Header Files</Filter>
    </ClInclude>
  </ItemGroup>
  <ItemGroup>
    <None Include="cpp.hint" />
  </ItemGroup>
  <ItemGroup>
    <Text Include="cpplint.txt" />
  </ItemGroup>
</Project>